Microsoft Visual Studio Solution File, Format Version 11.00
# Visual Studio 2008

Project("{6D190390-F4FC-6270-0A54-F8AF441588D7}") = "Cristallo", "Assembly-CSharp-firstpass.csproj", "{86D16FE3-6C03-81CC-A7C5-70DCE10E6AAB}"
EndProject
Project("{6D190390-F4FC-6270-0A54-F8AF441588D7}") = "Cristallo", "Assembly-CSharp.csproj", "{6B5CBBFE-0D68-E156-E5E7-7B6C8DE13A86}"
EndProject
Project("{6D190390-F4FC-6270-0A54-F8AF441588D7}") = "Cristallo", "Assembly-CSharp-Editor.csproj", "{273953F6-A67F-33E0-2F18-82F1246EBA09}"
EndProject
Global
	GlobalSection(SolutionConfigurationPlatforms) = preSolution
		Debug|Any CPU = Debug|Any CPU
		Release|Any CPU = Release|Any CPU
	EndGlobalSection
	GlobalSection(ProjectConfigurationPlatforms) = postSolution
		{86D16FE3-6C03-81CC-A7C5-70DCE10E6AAB}.Debug|Any CPU.ActiveCfg = Debug|Any CPU
		{86D16FE3-6C03-81CC-A7C5-70DCE10E6AAB}.Debug|Any CPU.Build.0 = Debug|Any CPU
		{86D16FE3-6C03-81CC-A7C5-70DCE10E6AAB}.Release|Any CPU.ActiveCfg = Release|Any CPU
		{86D16FE3-6C03-81CC-A7C5-70DCE10E6AAB}.Release|Any CPU.Build.0 = Release|Any CPU
		{6B5CBBFE-0D68-E156-E5E7-7B6C8DE13A86}.Debug|Any CPU.ActiveCfg = Debug|Any CPU
		{6B5CBBFE-0D68-E156-E5E7-7B6C8DE13A86}.Debug|Any CPU.Build.0 = Debug|Any CPU
		{6B5CBBFE-0D68-E156-E5E7-7B6C8DE13A86}.Release|Any CPU.ActiveCfg = Release|Any CPU
		{6B5CBBFE-0D68-E156-E5E7-7B6C8DE13A86}.Release|Any CPU.Build.0 = Release|Any CPU
		{273953F6-A67F-33E0-2F18-82F1246EBA09}.Debug|Any CPU.ActiveCfg = Debug|Any CPU
		{273953F6-A67F-33E0-2F18-82F1246EBA09}.Debug|Any CPU.Build.0 = Debug|Any CPU
		{273953F6-A67F-33E0-2F18-82F1246EBA09}.Release|Any CPU.ActiveCfg = Release|Any CPU
		{273953F6-A67F-33E0-2F18-82F1246EBA09}.Release|Any CPU.Build.0 = Release|Any CPU
	EndGlobalSection
	GlobalSection(SolutionProperties) = preSolution
		HideSolutionNode = FALSE
	EndGlobalSection
	GlobalSection(MonoDevelopProperties) = preSolution
		StartupItem = Assembly-CSharp.csproj
	EndGlobalSection
EndGlobal
